// !$*UTF8*$!
{
	archiveVersion = 1;
	classes = {
	};
	objectVersion = 46;
	objects = {

/* Begin PBXBuildFile section */
		C87358F01DA03C9600DAA02A /* AppDelegate.swift in Sources */ = {isa = PBXBuildFile; fileRef = C87358EF1DA03C9600DAA02A /* AppDelegate.swift */; };
		C87358F21DA03C9600DAA02A /* ViewController.swift in Sources */ = {isa = PBXBuildFile; fileRef = C87358F11DA03C9600DAA02A /* ViewController.swift */; };
		C87358F51DA03C9600DAA02A /* Main.storyboard in Resources */ = {isa = PBXBuildFile; fileRef = C87358F31DA03C9600DAA02A /* Main.storyboard */; };
		C87358F71DA03C9600DAA02A /* Assets.xcassets in Resources */ = {isa = PBXBuildFile; fileRef = C87358F61DA03C9600DAA02A /* Assets.xcassets */; };
		C87358FA1DA03C9600DAA02A /* LaunchScreen.storyboard in Resources */ = {isa = PBXBuildFile; fileRef = C87358F81DA03C9600DAA02A /* LaunchScreen.storyboard */; };
		C87359021DA03CC300DAA02A /* MapViewController.swift in Sources */ = {isa = PBXBuildFile; fileRef = C87359011DA03CC300DAA02A /* MapViewController.swift */; };
/* End PBXBuildFile section */

/* Begin PBXFileReference section */
		C87358EC1DA03C9600DAA02A /* DropDownMap.app */ = {isa = PBXFileReference; explicitFileType = wrapper.application; includeInIndex = 0; path = DropDownMap.app; sourceTree = BUILT_PRODUCTS_DIR; };
		C87358EF1DA03C9600DAA02A /* AppDelegate.swift */ = {isa = PBXFileReference; lastKnownFileType = sourcecode.swift; path = AppDelegate.swift; sourceTree = "<group>"; };
		C87358F11DA03C9600DAA02A /* ViewController.swift */ = {isa = PBXFileReference; lastKnownFileType = sourcecode.swift; path = ViewController.swift; sourceTree = "<group>"; };
		C87358F41DA03C9600DAA02A /* Base */ = {isa = PBXFileReference; lastKnownFileType = file.storyboard; name = Base; path = Base.lproj/Main.storyboard; sourceTree = "<group>"; };
		C87358F61DA03C9600DAA02A /* Assets.xcassets */ = {isa = PBXFileReference; lastKnownFileType = folder.assetcatalog; path = Assets.xcassets; sourceTree = "<group>"; };
		C87358F91DA03C9600DAA02A /* Base */ = {isa = PBXFileReference; lastKnownFileType = file.storyboard; name = Base; path = Base.lproj/LaunchScreen.storyboard; sourceTree = "<group>"; };
		C87358FB1DA03C9600DAA02A /* Info.plist */ = {isa = PBXFileReference; lastKnownFileType = text.plist.xml; path = Info.plist; sourceTree = "<group>"; };
		C87359011DA03CC300DAA02A /* MapViewController.swift */ = {isa = PBXFileReference; fileEncoding = 4; lastKnownFileType = sourcecode.swift; path = MapViewController.swift; sourceTree = "<group>"; };
/* End PBXFileReference section */

/* Begin PBXFrameworksBuildPhase section */
		C87358E91DA03C9600DAA02A /* Frameworks */ = {
			isa = PBXFrameworksBuildPhase;
			buildActionMask = 2147483647;
			files = (
			);
			runOnlyForDeploymentPostprocessing = 0;
		};
/* End PBXFrameworksBuildPhase section */

/* Begin PBXGroup section */
		C87358E31DA03C9600DAA02A = {
			isa = PBXGroup;
			children = (
				C87358EE1DA03C9600DAA02A /* DropDownMap */,
				C87358ED1DA03C9600DAA02A /* Products */,
			);
			sourceTree = "<group>";
		};
		C87358ED1DA03C9600DAA02A /* Products */ = {
			isa = PBXGroup;
			children = (
				C87358EC1DA03C9600DAA02A /* DropDownMap.app */,
			);
			name = Products;
			sourceTree = "<group>";
		};
		C87358EE1DA03C9600DAA02A /* DropDownMap */ = {
			isa = PBXGroup;
			children = (
				C87358EF1DA03C9600DAA02A /* AppDelegate.swift */,
				C87358F11DA03C9600DAA02A /* ViewController.swift */,
				C87359011DA03CC300DAA02A /* MapViewController.swift */,
				C87358F31DA03C9600DAA02A /* Main.storyboard */,
				C87358F61DA03C9600DAA02A /* Assets.xcassets */,
				C87358F81DA03C9600DAA02A /* LaunchScreen.storyboard */,
				C87358FB1DA03C9600DAA02A /* Info.plist */,
			);
			path = DropDownMap;
			sourceTree = "<group>";
		};
/* End PBXGroup section */

/* Begin PBXNativeTarget section */
		C87358EB1DA03C9600DAA02A /* DropDownMap */ = {
			isa = PBXNativeTarget;
			buildConfigurationList = C87358FE1DA03C9600DAA02A /* Build configuration list for PBXNativeTarget "DropDownMap" */;
			buildPhases = (
				C87358E81DA03C9600DAA02A /* Sources */,
				C87358E91DA03C9600DAA02A /* Frameworks */,
				C87358EA1DA03C9600DAA02A /* Resources */,
			);
			buildRules = (
			);
			dependencies = (
			);
			name = DropDownMap;
			productName = DropDownMap;
			productReference = C87358EC1DA03C9600DAA02A /* DropDownMap.app */;
			productType = "com.apple.product-type.application";
		};
/* End PBXNativeTarget section */

/* Begin PBXProject section */
		C87358E41DA03C9600DAA02A /* Project object */ = {
			isa = PBXProject;
			attributes = {
				LastSwiftUpdateCheck = 0730;
				LastUpgradeCheck = 0730;
				ORGANIZATIONNAME = alvorithms;
				TargetAttributes = {
					C87358EB1DA03C9600DAA02A = {
						CreatedOnToolsVersion = 7.3;
					};
				};
			};
			buildConfigurationList = C87358E71DA03C9600DAA02A /* Build configuration list for PBXProject "DropDownMap" */;
			compatibilityVersion = "Xcode 3.2";
			developmentRegion = English;
			hasScannedForEncodings = 0;
			knownRegions = (
				en,
				Base,
			);
			mainGroup = C87358E31DA03C9600DAA02A;
			productRefGroup = C87358ED1DA03C9600DAA02A /* Products */;
			projectDirPath = "";
			projectRoot = "";
			targets = (
				C87358EB1DA03C9600DAA02A /* DropDownMap */,
			);
		};
/* End PBXProject section */

/* Begin PBXResourcesBuildPhase section */
		C87358EA1DA03C9600DAA02A /* Resources */ = {
			isa = PBXResourcesBuildPhase;
			buildActionMask = 2147483647;
			files = (
				C87358FA1DA03C9600DAA02A /* LaunchScreen.storyboard in Resources */,
				C87358F71DA03C9600DAA02A /* Assets.xcassets in Resources */,
				C87358F51DA03C9600DAA02A /* Main.storyboard in Resources */,
			);
			runOnlyForDeploymentPostprocessing = 0;
		};
/* End PBXResourcesBuildPhase section */

/* Begin PBXSourcesBuildPhase section */
		C87358E81DA03C9600DAA02A /* Sources */ = {
			isa = PBXSourcesBuildPhase;
			buildActionMask = 2147483647;
			files = (
				C87358F21DA03C9600DAA02A /* ViewController.swift in Sources */,
				C87359021DA03CC300DAA02A /* MapViewController.swift in Sources */,
				C87358F01DA03C9600DAA02A /* AppDelegate.swift in Sources */,
			);
			runOnlyForDeploymentPostprocessing = 0;
		};
/* End PBXSourcesBuildPhase section */

/* Begin PBXVariantGroup section */
		C87358F31DA03C9600DAA02A /* Main.storyboard */ = {
			isa = PBXVariantGroup;
			children = (
				C87358F41DA03C9600DAA02A /* Base */,
			);
			name = Main.storyboard;
			sourceTree = "<group>";
		};
		C87358F81DA03C9600DAA02A /* LaunchScreen.storyboard */ = {
			isa = PBXVariantGroup;
			children = (
				C87358F91DA03C9600DAA02A /* Base */,
			);
			name = LaunchScreen.storyboard;
			sourceTree = "<group>";
		};
/* End PBXVariantGroup section */

/* Begin XCBuildConfiguration section */
		C87358FC1DA03C9600DAA02A /* Debug */ = {
			isa = XCBuildConfiguration;
			buildSettings = {
				ALWAYS_SEARCH_USER_PATHS = NO;
				CLANG_ANALYZER_NONNULL = YES;
				CLANG_CXX_LANGUAGE_STANDARD = "gnu++0x";
				CLANG_CXX_LIBRARY = "libc++";
				CLANG_ENABLE_MODULES = YES;
				CLANG_ENABLE_OBJC_ARC = YES;
				CLANG_WARN_BOOL_CONVERSION = YES;
				CLANG_WARN_CONSTANT_CONVERSION = YES;
				CLANG_WARN_DIRECT_OBJC_ISA_USAGE = YES_ERROR;
				CLANG_WARN_EMPTY_BODY = YES;
				CLANG_WARN_ENUM_CONVERSION = YES;
				CLANG_WARN_INT_CONVERSION = YES;
				CLANG_WARN_OBJC_ROOT_CLASS = YES_ERROR;
				CLANG_WARN_UNREACHABLE_CODE = YES;
				CLANG_WARN__DUPLICATE_METHOD_MATCH = YES;
				"CODE_SIGN_IDENTITY[sdk=iphoneos*]" = "iPhone Developer";
				COPY_PHASE_STRIP = NO;
				DEBUG_INFORMATION_FORMAT = dwarf;
				ENABLE_STRICT_OBJC_MSGSEND = YES;
				ENABLE_TESTABILITY = YES;
				GCC_C_LANGUAGE_STANDARD = gnu99;
				GCC_DYNAMIC_NO_PIC = NO;
				GCC_NO_COMMON_BLOCKS = YES;
				GCC_OPTIMIZATION_LEVEL = 0;
				GCC_PREPROCESSOR_DEFINITIONS = (
					"DEBUG=1",
					"$(inherited)",
				);
				GCC_WARN_64_TO_32_BIT_CONVERSION = YES;
				GCC_WARN_ABOUT_RETURN_TYPE = YES_ERROR;
				GCC_WARN_UNDECLARED_SELECTOR = YES;
				GCC_WARN_UNINITIALIZED_AUTOS = YES_AGGRESSIVE;
				GCC_WARN_UNUSED_FUNCTION = YES;
				GCC_WARN_UNUSED_VARIABLE = YES;
				IPHONEOS_DEPLOYMENT_TARGET = 9.3;
				MTL_ENABLE_DEBUG_INFO = YES;
				ONLY_ACTIVE_ARCH = YES;
				SDKROOT = iphoneos;
				SWIFT_OPTIMIZATION_LEVEL = "-Onone";
			};
			name = Debug;
		};
		C87358FD1DA03C9600DAA02A /* Release */ = {
			isa = XCBuildConfiguration;
			buildSettings = {
				ALWAYS_SEARCH_USER_PATHS = NO;
				CLANG_ANALYZER_NONNULL = YES;
				CLANG_CXX_LANGUAGE_STANDARD = "gnu++0x";
				CLANG_CXX_LIBRARY = "libc++";
				CLANG_ENABLE_MODULES = YES;
				CLANG_ENABLE_OBJC_ARC = YES;
				CLANG_WARN_BOOL_CONVERSION = YES;
				CLANG_WARN_CONSTANT_CONVERSION = YES;
				CLANG_WARN_DIRECT_OBJC_ISA_USAGE = YES_ERROR;
				CLANG_WARN_EMPTY_BODY = YES;
				CLANG_WARN_ENUM_CONVERSION = YES;
				CLANG_WARN_INT_CONVERSION = YES;
				CLANG_WARN_OBJC_ROOT_CLASS = YES_ERROR;
				CLANG_WARN_UNREACHABLE_CODE = YES;
				CLANG_WARN__DUPLICATE_METHOD_MATCH = YES;
				"CODE_SIGN_IDENTITY[sdk=iphoneos*]" = "iPhone Developer";
				COPY_PHASE_STRIP = NO;
				DEBUG_INFORMATION_FORMAT = "dwarf-with-dsym";
				ENABLE_NS_ASSERTIONS = NO;
				ENABLE_STRICT_OBJC_MSGSEND = YES;
				GCC_C_LANGUAGE_STANDARD = gnu99;
				GCC_NO_COMMON_BLOCKS = YES;
				GCC_WARN_64_TO_32_BIT_CONVERSION = YES;
				GCC_WARN_ABOUT_RETURN_TYPE = YES_ERROR;
				GCC_WARN_UNDECLARED_SELECTOR = YES;
				GCC_WARN_UNINITIALIZED_AUTOS = YES_AGGRESSIVE;
				GCC_WARN_UNUSED_FUNCTION = YES;
				GCC_WARN_UNUSED_VARIABLE = YES;
				IPHONEOS_DEPLOYMENT_TARGET = 9.3;
				MTL_ENABLE_DEBUG_INFO = NO;
				SDKROOT = iphoneos;
				VALIDATE_PRODUCT = YES;
			};
			name = Release;
		};
		C87358FF1DA03C9600DAA02A /* Debug */ = {
			isa = XCBuildConfiguration;
			buildSettings = {
				ASSETCATALOG_COMPILER_APPICON_NAME = AppIcon;
				INFOPLIST_FILE = DropDownMap/Info.plist;
				LD_RUNPATH_SEARCH_PATHS = "$(inherited) @executable_path/Frameworks";
				PRODUCT_BUNDLE_IDENTIFIER = com.alvintu.DropDownMap;
				PRODUCT_NAME = "$(TARGET_NAME)";
			};
			name = Debug;
		};
		C87359001DA03C9600DAA02A /* Release */ = {
			isa = XCBuildConfiguration;
			buildSettings = {
				ASSETCATALOG_COMPILER_APPICON_NAME = AppIcon;
				INFOPLIST_FILE = DropDownMap/Info.plist;
				LD_RUNPATH_SEARCH_PATHS = "$(inherited) @executable_path/Frameworks";
				PRODUCT_BUNDLE_IDENTIFIER = com.alvintu.DropDownMap;
				PRODUCT_NAME = "$(TARGET_NAME)";
			};
			name = Release;
		};
/* End XCBuildConfiguration section */

/* Begin XCConfigurationList section */
		C87358E71DA03C9600DAA02A /* Build configuration list for PBXProject "DropDownMap" */ = {
			isa = XCConfigurationList;
			buildConfigurations = (
				C87358FC1DA03C9600DAA02A /* Debug */,
				C87358FD1DA03C9600DAA02A /* Release */,
			);
			defaultConfigurationIsVisible = 0;
			defaultConfigurationName = Release;
		};
		C87358FE1DA03C9600DAA02A /* Build configuration list for PBXNativeTarget "DropDownMap" */ = {
			isa = XCConfigurationList;
			buildConfigurations = (
				C87358FF1DA03C9600DAA02A /* Debug */,
				C87359001DA03C9600DAA02A /* Release */,
			);
			defaultConfigurationIsVisible = 0;
		};
/* End XCConfigurationList section */
	};
	rootObject = C87358E41DA03C9600DAA02A /* Project object */;
}
